
Microsoft Visual Studio Solution File, Format Version 12.00
# Visual Studio Version 17
VisualStudioVersion = 17.5.002.0
MinimumVisualStudioVersion = 10.0.40219.1
Project("{9229103F-16F7-4668-BE54-9A1E7A4F7556}") = "aidecamp-plugins-native-console", "aidecamp-plugins-native-console.csproj", "{3722AB9E-B9BC-476A-B2B7-5C05AF566EB9}"
EndProject
Global
	GlobalSection(SolutionConfigurationPlatforms) = preSolution
		Debug|Any CPU = Debug|Any CPU
		Release|Any CPU = Release|Any CPU
	EndGlobalSection
	GlobalSection(ProjectConfigurationPlatforms) = postSolution
		{3722AB9E-B9BC-476A-B2B7-5C05AF566EB9}.Debug|Any CPU.ActiveCfg = Debug|Any CPU
		{3722AB9E-B9BC-476A-B2B7-5C05AF566EB9}.Debug|Any CPU.Build.0 = Debug|Any CPU
		{3722AB9E-B9BC-476A-B2B7-5C05AF566EB9}.Release|Any CPU.ActiveCfg = Release|Any CPU
		{3722AB9E-B9BC-476A-B2B7-5C05AF566EB9}.Release|Any CPU.Build.0 = Release|Any CPU
		{F1E30D49-071C-421C-ADE0-44AA5FD090E4}.Debug|Any CPU.ActiveCfg = Debug|Any CPU
		{F1E30D49-071C-421C-ADE0-44AA5FD090E4}.Debug|Any CPU.Build.0 = Debug|Any CPU
		{F1E30D49-071C-421C-ADE0-44AA5FD090E4}.Release|Any CPU.ActiveCfg = Release|Any CPU
		{F1E30D49-071C-421C-ADE0-44AA5FD090E4}.Release|Any CPU.Build.0 = Release|Any CPU
	EndGlobalSection
	GlobalSection(SolutionProperties) = preSolution
		HideSolutionNode = FALSE
	EndGlobalSection
	GlobalSection(ExtensibilityGlobals) = postSolution
		SolutionGuid = {8B6A43DA-55EB-4032-A01F-9EB7D42C6B2C}
	EndGlobalSection
EndGlobal
